
Microsoft Visual Studio Solution File, Format Version 12.00
# Visual Studio Version 17
VisualStudioVersion = 17.0.32014.148
MinimumVisualStudioVersion = 10.0.40219.1
Project("{FAE04EC0-301F-11D3-BF4B-00C04F79EFBC}") = "Merchandising", "Merchandising\Merchandising.csproj", "{695C93FA-2E36-44FD-B724-765C2D8C1511}"
EndProject
Global
	GlobalSection(SolutionConfigurationPlatforms) = preSolution
		Debug|Any CPU = Debug|Any CPU
		Release|Any CPU = Release|Any CPU
	EndGlobalSection
	GlobalSection(ProjectConfigurationPlatforms) = postSolution
		{695C93FA-2E36-44FD-B724-765C2D8C1511}.Debug|Any CPU.ActiveCfg = Debug|Any CPU
		{695C93FA-2E36-44FD-B724-765C2D8C1511}.Debug|Any CPU.Build.0 = Debug|Any CPU
		{695C93FA-2E36-44FD-B724-765C2D8C1511}.Release|Any CPU.ActiveCfg = Release|Any CPU
		{695C93FA-2E36-44FD-B724-765C2D8C1511}.Release|Any CPU.Build.0 = Release|Any CPU
	EndGlobalSection
	GlobalSection(SolutionProperties) = preSolution
		HideSolutionNode = FALSE
	EndGlobalSection
	GlobalSection(ExtensibilityGlobals) = postSolution
		SolutionGuid = {0210E60D-0DD5-4A15-AD1D-428EAAFCBC59}
	EndGlobalSection
	GlobalSection(TeamFoundationVersionControl) = preSolution
		SccNumberOfProjects = 2
		SccEnterpriseProvider = {4CA58AB2-18FA-4F8D-95D4-32DDF27D184C}
		SccTeamFoundationServer = https://dev.azure.com/turbosoftproducts
		SccLocalPath0 = .
		SccProjectUniqueName1 = Merchandising\\Merchandising.csproj
		SccProjectName1 = Merchandising
		SccLocalPath1 = Merchandising
	EndGlobalSection
EndGlobal
